PODS:
  - Alamofire (5.0.0-beta.6)
  - AuthorizeMe (1.2.2):
    - AuthorizeMe/Core (= 1.2.2)
    - AuthorizeMe/Facebook (= 1.2.2)
    - AuthorizeMe/Google (= 1.2.2)
    - AuthorizeMe/Instagram (= 1.2.2)
    - AuthorizeMe/LinkedIn (= 1.2.2)
    - AuthorizeMe/Twitter (= 1.2.2)
  - AuthorizeMe/Core (1.2.2)
  - AuthorizeMe/Facebook (1.2.2):
    - AuthorizeMe/Core
  - AuthorizeMe/Google (1.2.2):
    - AuthorizeMe/Core
  - AuthorizeMe/Instagram (1.2.2):
    - AuthorizeMe/Core
  - AuthorizeMe/LinkedIn (1.2.2):
    - AuthorizeMe/Core
  - AuthorizeMe/Twitter (1.2.2):
    - AuthorizeMe/Core
  - lottie-ios (3.0.7)

DEPENDENCIES:
  - Alamofire (~> 5.0.0-beta.6)
  - AuthorizeMe (~> 1.2.2)
  - lottie-ios (~> 3.0.0)

SPEC REPOS:
  https://github.com/cocoapods/specs.git:
    - Alamofire
    - AuthorizeMe
    - lottie-ios

SPEC CHECKSUMS:
  Alamofire: cd08a4402bd12cacd0c66f23fb12fec8d6b965e4
  AuthorizeMe: fd444e923d6a8fc3af27c05a24bad6226604400f
  lottie-ios: c38c3178ae8c4a8f200661aa5f80b9f1ca7f56b3

PODFILE CHECKSUM: 13757077273440d7c660b201bc3d04c3033f52ff

COCOAPODS: 1.7.0
