PODS:
  - Alamofire (5.0.0-beta.6)
  - AuthorizeMe (1.2.2):
    - AuthorizeMe/Core (= 1.2.2)
    - AuthorizeMe/Facebook (= 1.2.2)
    - AuthorizeMe/Google (= 1.2.2)
    - AuthorizeMe/Instagram (= 1.2.2)
    - AuthorizeMe/LinkedIn (= 1.2.2)
    - AuthorizeMe/Twitter (= 1.2.2)
  - AuthorizeMe/Core (1.2.2)
  - AuthorizeMe/Facebook (1.2.2):
    - AuthorizeMe/Core
  - AuthorizeMe/Google (1.2.2):
    - AuthorizeMe/Core
  - AuthorizeMe/Instagram (1.2.2):
    - AuthorizeMe/Core
  - AuthorizeMe/LinkedIn (1.2.2):
    - AuthorizeMe/Core
  - AuthorizeMe/Twitter (1.2.2):
    - AuthorizeMe/Core
  - lottie-ios (3.1.1)
  - Nuke (8.0)

DEPENDENCIES:
  - Alamofire (~> 5.0.0-beta.6)
  - AuthorizeMe (~> 1.2.2)
  - lottie-ios (~> 3.1.0)
  - Nuke (~> 8.0)

SPEC REPOS:
  https://github.com/cocoapods/specs.git:
    - Alamofire
    - AuthorizeMe
    - lottie-ios
    - Nuke

SPEC CHECKSUMS:
  Alamofire: cd08a4402bd12cacd0c66f23fb12fec8d6b965e4
  AuthorizeMe: fd444e923d6a8fc3af27c05a24bad6226604400f
  lottie-ios: 43a472d22b2dd2bed292cc4010c0b4d2e66d3ba8
  Nuke: 8d90f1dbf88d27a7ba6ff3934de01693812e5adb

PODFILE CHECKSUM: e7934ea474267b5a02908f1fe41189d2f292930e

COCOAPODS: 1.7.0
